// !$*UTF8*$!
{
	archiveVersion = 1;
	classes = {
	};
	objectVersion = 50;
	objects = {

/* Begin PBXBuildFile section */
		1836E7AD23045BD200271E3A /* AppDelegate.swift in Sources */ = {isa = PBXBuildFile; fileRef = 1836E7AC23045BD200271E3A /* AppDelegate.swift */; };
		1836E7AF23045BD200271E3A /* ViewController.swift in Sources */ = {isa = PBXBuildFile; fileRef = 1836E7AE23045BD200271E3A /* ViewController.swift */; };
		1836E7B223045BD200271E3A /* Main.storyboard in Resources */ = {isa = PBXBuildFile; fileRef = 1836E7B023045BD200271E3A /* Main.storyboard */; };
		1836E7B523045BD200271E3A /* Fin_Addict.xcdatamodeld in Sources */ = {isa = PBXBuildFile; fileRef = 1836E7B323045BD200271E3A /* Fin_Addict.xcdatamodeld */; };
		1836E7B723045BD400271E3A /* Assets.xcassets in Resources */ = {isa = PBXBuildFile; fileRef = 1836E7B623045BD400271E3A /* Assets.xcassets */; };
		1836E7BA23045BD400271E3A /* LaunchScreen.storyboard in Resources */ = {isa = PBXBuildFile; fileRef = 1836E7B823045BD400271E3A /* LaunchScreen.storyboard */; };
		1836E7C523045BD400271E3A /* Fin_AddictTests.swift in Sources */ = {isa = PBXBuildFile; fileRef = 1836E7C423045BD400271E3A /* Fin_AddictTests.swift */; };
		1836E7D023045BD400271E3A /* Fin_AddictUITests.swift in Sources */ = {isa = PBXBuildFile; fileRef = 1836E7CF23045BD400271E3A /* Fin_AddictUITests.swift */; };
		1836E7E223048C1C00271E3A /* SIMPLIFICA in Resources */ = {isa = PBXBuildFile; fileRef = 1836E7E123048C1C00271E3A /* SIMPLIFICA */; };
		1836E7E42305B09500271E3A /* tableViewController.swift in Sources */ = {isa = PBXBuildFile; fileRef = 1836E7E32305B09500271E3A /* tableViewController.swift */; };
/* End PBXBuildFile section */

/* Begin PBXContainerItemProxy section */
		1836E7C123045BD400271E3A /* PBXContainerItemProxy */ = {
			isa = PBXContainerItemProxy;
			containerPortal = 1836E7A123045BD200271E3A /* Project object */;
			proxyType = 1;
			remoteGlobalIDString = 1836E7A823045BD200271E3A;
			remoteInfo = "Fin-Addict";
		};
		1836E7CC23045BD400271E3A /* PBXContainerItemProxy */ = {
			isa = PBXContainerItemProxy;
			containerPortal = 1836E7A123045BD200271E3A /* Project object */;
			proxyType = 1;
			remoteGlobalIDString = 1836E7A823045BD200271E3A;
			remoteInfo = "Fin-Addict";
		};
/* End PBXContainerItemProxy section */

/* Begin PBXFileReference section */
		1836E7A923045BD200271E3A /* Fin-Addict.app */ = {isa = PBXFileReference; explicitFileType = wrapper.application; includeInIndex = 0; path = "Fin-Addict.app"; sourceTree = BUILT_PRODUCTS_DIR; };
		1836E7AC23045BD200271E3A /* AppDelegate.swift */ = {isa = PBXFileReference; lastKnownFileType = sourcecode.swift; path = AppDelegate.swift; sourceTree = "<group>"; };
		1836E7AE23045BD200271E3A /* ViewController.swift */ = {isa = PBXFileReference; lastKnownFileType = sourcecode.swift; path = ViewController.swift; sourceTree = "<group>"; };
		1836E7B123045BD200271E3A /* Base */ = {isa = PBXFileReference; lastKnownFileType = file.storyboard; name = Base; path = Base.lproj/Main.storyboard; sourceTree = "<group>"; };
		1836E7B423045BD200271E3A /* Fin_Addict.xcdatamodel */ = {isa = PBXFileReference; lastKnownFileType = wrapper.xcdatamodel; path = Fin_Addict.xcdatamodel; sourceTree = "<group>"; };
		1836E7B623045BD400271E3A /* Assets.xcassets */ = {isa = PBXFileReference; lastKnownFileType = folder.assetcatalog; path = Assets.xcassets; sourceTree = "<group>"; };
		1836E7B923045BD400271E3A /* Base */ = {isa = PBXFileReference; lastKnownFileType = file.storyboard; name = Base; path = Base.lproj/LaunchScreen.storyboard; sourceTree = "<group>"; };
		1836E7BB23045BD400271E3A /* Info.plist */ = {isa = PBXFileReference; lastKnownFileType = text.plist.xml; path = Info.plist; sourceTree = "<group>"; };
		1836E7C023045BD400271E3A /* Fin-AddictTests.xctest */ = {isa = PBXFileReference; explicitFileType = wrapper.cfbundle; includeInIndex = 0; path = "Fin-AddictTests.xctest"; sourceTree = BUILT_PRODUCTS_DIR; };
		1836E7C423045BD400271E3A /* Fin_AddictTests.swift */ = {isa = PBXFileReference; lastKnownFileType = sourcecode.swift; path = Fin_AddictTests.swift; sourceTree = "<group>"; };
		1836E7C623045BD400271E3A /* Info.plist */ = {isa = PBXFileReference; lastKnownFileType = text.plist.xml; path = Info.plist; sourceTree = "<group>"; };
		1836E7CB23045BD400271E3A /* Fin-AddictUITests.xctest */ = {isa = PBXFileReference; explicitFileType = wrapper.cfbundle; includeInIndex = 0; path = "Fin-AddictUITests.xctest"; sourceTree = BUILT_PRODUCTS_DIR; };
		1836E7CF23045BD400271E3A /* Fin_AddictUITests.swift */ = {isa = PBXFileReference; lastKnownFileType = sourcecode.swift; path = Fin_AddictUITests.swift; sourceTree = "<group>"; };
		1836E7D123045BD400271E3A /* Info.plist */ = {isa = PBXFileReference; lastKnownFileType = text.plist.xml; path = Info.plist; sourceTree = "<group>"; };
		1836E7E123048C1C00271E3A /* SIMPLIFICA */ = {isa = PBXFileReference; lastKnownFileType = folder; path = SIMPLIFICA; sourceTree = "<group>"; };
		1836E7E32305B09500271E3A /* tableViewController.swift */ = {isa = PBXFileReference; lastKnownFileType = sourcecode.swift; path = tableViewController.swift; sourceTree = "<group>"; };
/* End PBXFileReference section */

/* Begin PBXFrameworksBuildPhase section */
		1836E7A623045BD200271E3A /* Frameworks */ = {
			isa = PBXFrameworksBuildPhase;
			buildActionMask = 2147483647;
			files = (
			);
			runOnlyForDeploymentPostprocessing = 0;
		};
		1836E7BD23045BD400271E3A /* Frameworks */ = {
			isa = PBXFrameworksBuildPhase;
			buildActionMask = 2147483647;
			files = (
			);
			runOnlyForDeploymentPostprocessing = 0;
		};
		1836E7C823045BD400271E3A /* Frameworks */ = {
			isa = PBXFrameworksBuildPhase;
			buildActionMask = 2147483647;
			files = (
			);
			runOnlyForDeploymentPostprocessing = 0;
		};
/* End PBXFrameworksBuildPhase section */

/* Begin PBXGroup section */
		1836E7A023045BD200271E3A = {
			isa = PBXGroup;
			children = (
				1836E7AB23045BD200271E3A /* Fin-Addict */,
				1836E7C323045BD400271E3A /* Fin-AddictTests */,
				1836E7CE23045BD400271E3A /* Fin-AddictUITests */,
				1836E7AA23045BD200271E3A /* Products */,
				1836E7E123048C1C00271E3A /* SIMPLIFICA */,
			);
			sourceTree = "<group>";
		};
		1836E7AA23045BD200271E3A /* Products */ = {
			isa = PBXGroup;
			children = (
				1836E7A923045BD200271E3A /* Fin-Addict.app */,
				1836E7C023045BD400271E3A /* Fin-AddictTests.xctest */,
				1836E7CB23045BD400271E3A /* Fin-AddictUITests.xctest */,
			);
			name = Products;
			sourceTree = "<group>";
		};
		1836E7AB23045BD200271E3A /* Fin-Addict */ = {
			isa = PBXGroup;
			children = (
				1836E7AC23045BD200271E3A /* AppDelegate.swift */,
				1836E7AE23045BD200271E3A /* ViewController.swift */,
				1836E7B023045BD200271E3A /* Main.storyboard */,
				1836E7E32305B09500271E3A /* tableViewController.swift */,
				1836E7B623045BD400271E3A /* Assets.xcassets */,
				1836E7B823045BD400271E3A /* LaunchScreen.storyboard */,
				1836E7BB23045BD400271E3A /* Info.plist */,
				1836E7B323045BD200271E3A /* Fin_Addict.xcdatamodeld */,
			);
			path = "Fin-Addict";
			sourceTree = "<group>";
		};
		1836E7C323045BD400271E3A /* Fin-AddictTests */ = {
			isa = PBXGroup;
			children = (
				1836E7C423045BD400271E3A /* Fin_AddictTests.swift */,
				1836E7C623045BD400271E3A /* Info.plist */,
			);
			path = "Fin-AddictTests";
			sourceTree = "<group>";
		};
		1836E7CE23045BD400271E3A /* Fin-AddictUITests */ = {
			isa = PBXGroup;
			children = (
				1836E7CF23045BD400271E3A /* Fin_AddictUITests.swift */,
				1836E7D123045BD400271E3A /* Info.plist */,
			);
			path = "Fin-AddictUITests";
			sourceTree = "<group>";
		};
/* End PBXGroup section */

/* Begin PBXNativeTarget section */
		1836E7A823045BD200271E3A /* Fin-Addict */ = {
			isa = PBXNativeTarget;
			buildConfigurationList = 1836E7D423045BD400271E3A /* Build configuration list for PBXNativeTarget "Fin-Addict" */;
			buildPhases = (
				1836E7A523045BD200271E3A /* Sources */,
				1836E7A623045BD200271E3A /* Frameworks */,
				1836E7A723045BD200271E3A /* Resources */,
			);
			buildRules = (
			);
			dependencies = (
			);
			name = "Fin-Addict";
			productName = "Fin-Addict";
			productReference = 1836E7A923045BD200271E3A /* Fin-Addict.app */;
			productType = "com.apple.product-type.application";
		};
		1836E7BF23045BD400271E3A /* Fin-AddictTests */ = {
			isa = PBXNativeTarget;
			buildConfigurationList = 1836E7D723045BD400271E3A /* Build configuration list for PBXNativeTarget "Fin-AddictTests" */;
			buildPhases = (
				1836E7BC23045BD400271E3A /* Sources */,
				1836E7BD23045BD400271E3A /* Frameworks */,
				1836E7BE23045BD400271E3A /* Resources */,
			);
			buildRules = (
			);
			dependencies = (
				1836E7C223045BD400271E3A /* PBXTargetDependency */,
			);
			name = "Fin-AddictTests";
			productName = "Fin-AddictTests";
			productReference = 1836E7C023045BD400271E3A /* Fin-AddictTests.xctest */;
			productType = "com.apple.product-type.bundle.unit-test";
		};
		1836E7CA23045BD400271E3A /* Fin-AddictUITests */ = {
			isa = PBXNativeTarget;
			buildConfigurationList = 1836E7DA23045BD400271E3A /* Build configuration list for PBXNativeTarget "Fin-AddictUITests" */;
			buildPhases = (
				1836E7C723045BD400271E3A /* Sources */,
				1836E7C823045BD400271E3A /* Frameworks */,
				1836E7C923045BD400271E3A /* Resources */,
			);
			buildRules = (
			);
			dependencies = (
				1836E7CD23045BD400271E3A /* PBXTargetDependency */,
			);
			name = "Fin-AddictUITests";
			productName = "Fin-AddictUITests";
			productReference = 1836E7CB23045BD400271E3A /* Fin-AddictUITests.xctest */;
			productType = "com.apple.product-type.bundle.ui-testing";
		};
/* End PBXNativeTarget section */

/* Begin PBXProject section */
		1836E7A123045BD200271E3A /* Project object */ = {
			isa = PBXProject;
			attributes = {
				LastSwiftUpdateCheck = 1020;
				LastUpgradeCheck = 1020;
				ORGANIZATIONNAME = Emmy;
				TargetAttributes = {
					1836E7A823045BD200271E3A = {
						CreatedOnToolsVersion = 10.2.1;
					};
					1836E7BF23045BD400271E3A = {
						CreatedOnToolsVersion = 10.2.1;
						TestTargetID = 1836E7A823045BD200271E3A;
					};
					1836E7CA23045BD400271E3A = {
						CreatedOnToolsVersion = 10.2.1;
						TestTargetID = 1836E7A823045BD200271E3A;
					};
				};
			};
			buildConfigurationList = 1836E7A423045BD200271E3A /* Build configuration list for PBXProject "Fin-Addict" */;
			compatibilityVersion = "Xcode 9.3";
			developmentRegion = en;
			hasScannedForEncodings = 0;
			knownRegions = (
				en,
				Base,
			);
			mainGroup = 1836E7A023045BD200271E3A;
			productRefGroup = 1836E7AA23045BD200271E3A /* Products */;
			projectDirPath = "";
			projectRoot = "";
			targets = (
				1836E7A823045BD200271E3A /* Fin-Addict */,
				1836E7BF23045BD400271E3A /* Fin-AddictTests */,
				1836E7CA23045BD400271E3A /* Fin-AddictUITests */,
			);
		};
/* End PBXProject section */

/* Begin PBXResourcesBuildPhase section */
		1836E7A723045BD200271E3A /* Resources */ = {
			isa = PBXResourcesBuildPhase;
			buildActionMask = 2147483647;
			files = (
				1836E7BA23045BD400271E3A /* LaunchScreen.storyboard in Resources */,
				1836E7B723045BD400271E3A /* Assets.xcassets in Resources */,
				1836E7B223045BD200271E3A /* Main.storyboard in Resources */,
				1836E7E223048C1C00271E3A /* SIMPLIFICA in Resources */,
			);
			runOnlyForDeploymentPostprocessing = 0;
		};
		1836E7BE23045BD400271E3A /* Resources */ = {
			isa = PBXResourcesBuildPhase;
			buildActionMask = 2147483647;
			files = (
			);
			runOnlyForDeploymentPostprocessing = 0;
		};
		1836E7C923045BD400271E3A /* Resources */ = {
			isa = PBXResourcesBuildPhase;
			buildActionMask = 2147483647;
			files = (
			);
			runOnlyForDeploymentPostprocessing = 0;
		};
/* End PBXResourcesBuildPhase section */

/* Begin PBXSourcesBuildPhase section */
		1836E7A523045BD200271E3A /* Sources */ = {
			isa = PBXSourcesBuildPhase;
			buildActionMask = 2147483647;
			files = (
				1836E7AF23045BD200271E3A /* ViewController.swift in Sources */,
				1836E7AD23045BD200271E3A /* AppDelegate.swift in Sources */,
				1836E7B523045BD200271E3A /* Fin_Addict.xcdatamodeld in Sources */,
				1836E7E42305B09500271E3A /* tableViewController.swift in Sources */,
			);
			runOnlyForDeploymentPostprocessing = 0;
		};
		1836E7BC23045BD400271E3A /* Sources */ = {
			isa = PBXSourcesBuildPhase;
			buildActionMask = 2147483647;
			files = (
				1836E7C523045BD400271E3A /* Fin_AddictTests.swift in Sources */,
			);
			runOnlyForDeploymentPostprocessing = 0;
		};
		1836E7C723045BD400271E3A /* Sources */ = {
			isa = PBXSourcesBuildPhase;
			buildActionMask = 2147483647;
			files = (
				1836E7D023045BD400271E3A /* Fin_AddictUITests.swift in Sources */,
			);
			runOnlyForDeploymentPostprocessing = 0;
		};
/* End PBXSourcesBuildPhase section */

/* Begin PBXTargetDependency section */
		1836E7C223045BD400271E3A /* PBXTargetDependency */ = {
			isa = PBXTargetDependency;
			target = 1836E7A823045BD200271E3A /* Fin-Addict */;
			targetProxy = 1836E7C123045BD400271E3A /* PBXContainerItemProxy */;
		};
		1836E7CD23045BD400271E3A /* PBXTargetDependency */ = {
			isa = PBXTargetDependency;
			target = 1836E7A823045BD200271E3A /* Fin-Addict */;
			targetProxy = 1836E7CC23045BD400271E3A /* PBXContainerItemProxy */;
		};
/* End PBXTargetDependency section */

/* Begin PBXVariantGroup section */
		1836E7B023045BD200271E3A /* Main.storyboard */ = {
			isa = PBXVariantGroup;
			children = (
				1836E7B123045BD200271E3A /* Base */,
			);
			name = Main.storyboard;
			sourceTree = "<group>";
		};
		1836E7B823045BD400271E3A /* LaunchScreen.storyboard */ = {
			isa = PBXVariantGroup;
			children = (
				1836E7B923045BD400271E3A /* Base */,
			);
			name = LaunchScreen.storyboard;
			sourceTree = "<group>";
		};
/* End PBXVariantGroup section */

/* Begin XCBuildConfiguration section */
		1836E7D223045BD400271E3A /* Debug */ = {
			isa = XCBuildConfiguration;
			buildSettings = {
				ALWAYS_SEARCH_USER_PATHS = NO;
				CLANG_ANALYZER_NONNULL = YES;
				CLANG_ANALYZER_NUMBER_OBJECT_CONVERSION = YES_AGGRESSIVE;
				CLANG_CXX_LANGUAGE_STANDARD = "gnu++14";
				CLANG_CXX_LIBRARY = "libc++";
				CLANG_ENABLE_MODULES = YES;
				CLANG_ENABLE_OBJC_ARC = YES;
				CLANG_ENABLE_OBJC_WEAK = YES;
				CLANG_WARN_BLOCK_CAPTURE_AUTORELEASING = YES;
				CLANG_WARN_BOOL_CONVERSION = YES;
				CLANG_WARN_COMMA = YES;
				CLANG_WARN_CONSTANT_CONVERSION = YES;
				CLANG_WARN_DEPRECATED_OBJC_IMPLEMENTATIONS = YES;
				CLANG_WARN_DIRECT_OBJC_ISA_USAGE = YES_ERROR;
				CLANG_WARN_DOCUMENTATION_COMMENTS = YES;
				CLANG_WARN_EMPTY_BODY = YES;
				CLANG_WARN_ENUM_CONVERSION = YES;
				CLANG_WARN_INFINITE_RECURSION = YES;
				CLANG_WARN_INT_CONVERSION = YES;
				CLANG_WARN_NON_LITERAL_NULL_CONVERSION = YES;
				CLANG_WARN_OBJC_IMPLICIT_RETAIN_SELF = YES;
				CLANG_WARN_OBJC_LITERAL_CONVERSION = YES;
				CLANG_WARN_OBJC_ROOT_CLASS = YES_ERROR;
				CLANG_WARN_RANGE_LOOP_ANALYSIS = YES;
				CLANG_WARN_STRICT_PROTOTYPES = YES;
				CLANG_WARN_SUSPICIOUS_MOVE = YES;
				CLANG_WARN_UNGUARDED_AVAILABILITY = YES_AGGRESSIVE;
				CLANG_WARN_UNREACHABLE_CODE = YES;
				CLANG_WARN__DUPLICATE_METHOD_MATCH = YES;
				CODE_SIGN_IDENTITY = "iPhone Developer";
				COPY_PHASE_STRIP = NO;
				DEBUG_INFORMATION_FORMAT = dwarf;
				ENABLE_STRICT_OBJC_MSGSEND = YES;
				ENABLE_TESTABILITY = YES;
				GCC_C_LANGUAGE_STANDARD = gnu11;
				GCC_DYNAMIC_NO_PIC = NO;
				GCC_NO_COMMON_BLOCKS = YES;
				GCC_OPTIMIZATION_LEVEL = 0;
				GCC_PREPROCESSOR_DEFINITIONS = (
					"DEBUG=1",
					"$(inherited)",
				);
				GCC_WARN_64_TO_32_BIT_CONVERSION = YES;
				GCC_WARN_ABOUT_RETURN_TYPE = YES_ERROR;
				GCC_WARN_UNDECLARED_SELECTOR = YES;
				GCC_WARN_UNINITIALIZED_AUTOS = YES_AGGRESSIVE;
				GCC_WARN_UNUSED_FUNCTION = YES;
				GCC_WARN_UNUSED_VARIABLE = YES;
				IPHONEOS_DEPLOYMENT_TARGET = 12.2;
				MTL_ENABLE_DEBUG_INFO = INCLUDE_SOURCE;
				MTL_FAST_MATH = YES;
				ONLY_ACTIVE_ARCH = YES;
				SDKROOT = iphoneos;
				SWIFT_ACTIVE_COMPILATION_CONDITIONS = DEBUG;
				SWIFT_OPTIMIZATION_LEVEL = "-Onone";
			};
			name = Debug;
		};
		1836E7D323045BD400271E3A /* Release */ = {
			isa = XCBuildConfiguration;
			buildSettings = {
				ALWAYS_SEARCH_USER_PATHS = NO;
				CLANG_ANALYZER_NONNULL = YES;
				CLANG_ANALYZER_NUMBER_OBJECT_CONVERSION = YES_AGGRESSIVE;
				CLANG_CXX_LANGUAGE_STANDARD = "gnu++14";
				CLANG_CXX_LIBRARY = "libc++";
				CLANG_ENABLE_MODULES = YES;
				CLANG_ENABLE_OBJC_ARC = YES;
				CLANG_ENABLE_OBJC_WEAK = YES;
				CLANG_WARN_BLOCK_CAPTURE_AUTORELEASING = YES;
				CLANG_WARN_BOOL_CONVERSION = YES;
				CLANG_WARN_COMMA = YES;
				CLANG_WARN_CONSTANT_CONVERSION = YES;
				CLANG_WARN_DEPRECATED_OBJC_IMPLEMENTATIONS = YES;
				CLANG_WARN_DIRECT_OBJC_ISA_USAGE = YES_ERROR;
				CLANG_WARN_DOCUMENTATION_COMMENTS = YES;
				CLANG_WARN_EMPTY_BODY = YES;
				CLANG_WARN_ENUM_CONVERSION = YES;
				CLANG_WARN_INFINITE_RECURSION = YES;
				CLANG_WARN_INT_CONVERSION = YES;
				CLANG_WARN_NON_LITERAL_NULL_CONVERSION = YES;
				CLANG_WARN_OBJC_IMPLICIT_RETAIN_SELF = YES;
				CLANG_WARN_OBJC_LITERAL_CONVERSION = YES;
				CLANG_WARN_OBJC_ROOT_CLASS = YES_ERROR;
				CLANG_WARN_RANGE_LOOP_ANALYSIS = YES;
				CLANG_WARN_STRICT_PROTOTYPES = YES;
				CLANG_WARN_SUSPICIOUS_MOVE = YES;
				CLANG_WARN_UNGUARDED_AVAILABILITY = YES_AGGRESSIVE;
				CLANG_WARN_UNREACHABLE_CODE = YES;
				CLANG_WARN__DUPLICATE_METHOD_MATCH = YES;
				CODE_SIGN_IDENTITY = "iPhone Developer";
				COPY_PHASE_STRIP = NO;
				DEBUG_INFORMATION_FORMAT = "dwarf-with-dsym";
				ENABLE_NS_ASSERTIONS = NO;
				ENABLE_STRICT_OBJC_MSGSEND = YES;
				GCC_C_LANGUAGE_STANDARD = gnu11;
				GCC_NO_COMMON_BLOCKS = YES;
				GCC_WARN_64_TO_32_BIT_CONVERSION = YES;
				GCC_WARN_ABOUT_RETURN_TYPE = YES_ERROR;
				GCC_WARN_UNDECLARED_SELECTOR = YES;
				GCC_WARN_UNINITIALIZED_AUTOS = YES_AGGRESSIVE;
				GCC_WARN_UNUSED_FUNCTION = YES;
				GCC_WARN_UNUSED_VARIABLE = YES;
				IPHONEOS_DEPLOYMENT_TARGET = 12.2;
				MTL_ENABLE_DEBUG_INFO = NO;
				MTL_FAST_MATH = YES;
				SDKROOT = iphoneos;
				SWIFT_COMPILATION_MODE = wholemodule;
				SWIFT_OPTIMIZATION_LEVEL = "-O";
				VALIDATE_PRODUCT = YES;
			};
			name = Release;
		};
		1836E7D523045BD400271E3A /* Debug */ = {
			isa = XCBuildConfiguration;
			buildSettings = {
				ASSETCATALOG_COMPILER_APPICON_NAME = AppIcon;
				CODE_SIGN_STYLE = Automatic;
				DEVELOPMENT_TEAM = 32VLATW9G7;
				INFOPLIST_FILE = "Fin-Addict/Info.plist";
				LD_RUNPATH_SEARCH_PATHS = (
					"$(inherited)",
					"@executable_path/Frameworks",
				);
				PRODUCT_BUNDLE_IDENTIFIER = "KWK.Fin-Addict";
				PRODUCT_NAME = "$(TARGET_NAME)";
				SWIFT_VERSION = 5.0;
				TARGETED_DEVICE_FAMILY = "1,2";
			};
			name = Debug;
		};
		1836E7D623045BD400271E3A /* Release */ = {
			isa = XCBuildConfiguration;
			buildSettings = {
				ASSETCATALOG_COMPILER_APPICON_NAME = AppIcon;
				CODE_SIGN_STYLE = Automatic;
				DEVELOPMENT_TEAM = 32VLATW9G7;
				INFOPLIST_FILE = "Fin-Addict/Info.plist";
				LD_RUNPATH_SEARCH_PATHS = (
					"$(inherited)",
					"@executable_path/Frameworks",
				);
				PRODUCT_BUNDLE_IDENTIFIER = "KWK.Fin-Addict";
				PRODUCT_NAME = "$(TARGET_NAME)";
				SWIFT_VERSION = 5.0;
				TARGETED_DEVICE_FAMILY = "1,2";
			};
			name = Release;
		};
		1836E7D823045BD400271E3A /* Debug */ = {
			isa = XCBuildConfiguration;
			buildSettings = {
				ALWAYS_EMBED_SWIFT_STANDARD_LIBRARIES = YES;
				BUNDLE_LOADER = "$(TEST_HOST)";
				CODE_SIGN_STYLE = Automatic;
				INFOPLIST_FILE = "Fin-AddictTests/Info.plist";
				LD_RUNPATH_SEARCH_PATHS = (
					"$(inherited)",
					"@executable_path/Frameworks",
					"@loader_path/Frameworks",
				);
				PRODUCT_BUNDLE_IDENTIFIER = "KWK.Fin-AddictTests";
				PRODUCT_NAME = "$(TARGET_NAME)";
				SWIFT_VERSION = 5.0;
				TARGETED_DEVICE_FAMILY = "1,2";
				TEST_HOST = "$(BUILT_PRODUCTS_DIR)/Fin-Addict.app/Fin-Addict";
			};
			name = Debug;
		};
		1836E7D923045BD400271E3A /* Release */ = {
			isa = XCBuildConfiguration;
			buildSettings = {
				ALWAYS_EMBED_SWIFT_STANDARD_LIBRARIES = YES;
				BUNDLE_LOADER = "$(TEST_HOST)";
				CODE_SIGN_STYLE = Automatic;
				INFOPLIST_FILE = "Fin-AddictTests/Info.plist";
				LD_RUNPATH_SEARCH_PATHS = (
					"$(inherited)",
					"@executable_path/Frameworks",
					"@loader_path/Frameworks",
				);
				PRODUCT_BUNDLE_IDENTIFIER = "KWK.Fin-AddictTests";
				PRODUCT_NAME = "$(TARGET_NAME)";
				SWIFT_VERSION = 5.0;
				TARGETED_DEVICE_FAMILY = "1,2";
				TEST_HOST = "$(BUILT_PRODUCTS_DIR)/Fin-Addict.app/Fin-Addict";
			};
			name = Release;
		};
		1836E7DB23045BD400271E3A /* Debug */ = {
			isa = XCBuildConfiguration;
			buildSettings = {
				ALWAYS_EMBED_SWIFT_STANDARD_LIBRARIES = YES;
				CODE_SIGN_STYLE = Automatic;
				INFOPLIST_FILE = "Fin-AddictUITests/Info.plist";
				LD_RUNPATH_SEARCH_PATHS = (
					"$(inherited)",
					"@executable_path/Frameworks",
					"@loader_path/Frameworks",
				);
				PRODUCT_BUNDLE_IDENTIFIER = "KWK.Fin-AddictUITests";
				PRODUCT_NAME = "$(TARGET_NAME)";
				SWIFT_VERSION = 5.0;
				TARGETED_DEVICE_FAMILY = "1,2";
				TEST_TARGET_NAME = "Fin-Addict";
			};
			name = Debug;
		};
		1836E7DC23045BD400271E3A /* Release */ = {
			isa = XCBuildConfiguration;
			buildSettings = {
				ALWAYS_EMBED_SWIFT_STANDARD_LIBRARIES = YES;
				CODE_SIGN_STYLE = Automatic;
				INFOPLIST_FILE = "Fin-AddictUITests/Info.plist";
				LD_RUNPATH_SEARCH_PATHS = (
					"$(inherited)",
					"@executable_path/Frameworks",
					"@loader_path/Frameworks",
				);
				PRODUCT_BUNDLE_IDENTIFIER = "KWK.Fin-AddictUITests";
				PRODUCT_NAME = "$(TARGET_NAME)";
				SWIFT_VERSION = 5.0;
				TARGETED_DEVICE_FAMILY = "1,2";
				TEST_TARGET_NAME = "Fin-Addict";
			};
			name = Release;
		};
/* End XCBuildConfiguration section */

/* Begin XCConfigurationList section */
		1836E7A423045BD200271E3A /* Build configuration list for PBXProject "Fin-Addict" */ = {
			isa = XCConfigurationList;
			buildConfigurations = (
				1836E7D223045BD400271E3A /* Debug */,
				1836E7D323045BD400271E3A /* Release */,
			);
			defaultConfigurationIsVisible = 0;
			defaultConfigurationName = Release;
		};
		1836E7D423045BD400271E3A /* Build configuration list for PBXNativeTarget "Fin-Addict" */ = {
			isa = XCConfigurationList;
			buildConfigurations = (
				1836E7D523045BD400271E3A /* Debug */,
				1836E7D623045BD400271E3A /* Release */,
			);
			defaultConfigurationIsVisible = 0;
			defaultConfigurationName = Release;
		};
		1836E7D723045BD400271E3A /* Build configuration list for PBXNativeTarget "Fin-AddictTests" */ = {
			isa = XCConfigurationList;
			buildConfigurations = (
				1836E7D823045BD400271E3A /* Debug */,
				1836E7D923045BD400271E3A /* Release */,
			);
			defaultConfigurationIsVisible = 0;
			defaultConfigurationName = Release;
		};
		1836E7DA23045BD400271E3A /* Build configuration list for PBXNativeTarget "Fin-AddictUITests" */ = {
			isa = XCConfigurationList;
			buildConfigurations = (
				1836E7DB23045BD400271E3A /* Debug */,
				1836E7DC23045BD400271E3A /* Release */,
			);
			defaultConfigurationIsVisible = 0;
			defaultConfigurationName = Release;
		};
/* End XCConfigurationList section */

/* Begin XCVersionGroup section */
		1836E7B323045BD200271E3A /* Fin_Addict.xcdatamodeld */ = {
			isa = XCVersionGroup;
			children = (
				1836E7B423045BD200271E3A /* Fin_Addict.xcdatamodel */,
			);
			currentVersion = 1836E7B423045BD200271E3A /* Fin_Addict.xcdatamodel */;
			path = Fin_Addict.xcdatamodeld;
			sourceTree = "<group>";
			versionGroupType = wrapper.xcdatamodel;
		};
/* End XCVersionGroup section */
	};
	rootObject = 1836E7A123045BD200271E3A /* Project object */;
}
